// !$*UTF8*$!
{
	archiveVersion = 1;
	classes = {
	};
	objectVersion = 54;
	objects = {

/* Begin PBXBuildFile section */
		0C79247921F71ACF00C7E3C2 /* CSVWriter.swift in Sources */ = {isa = PBXBuildFile; fileRef = 0C79247021F71ACF00C7E3C2 /* CSVWriter.swift */; };
		0C79247A21F71ACF00C7E3C2 /* CSVReaderWriter.swift in Sources */ = {isa = PBXBuildFile; fileRef = 0C79247121F71ACF00C7E3C2 /* CSVReaderWriter.swift */; };
		0C79247B21F71ACF00C7E3C2 /* CSVReading.swift in Sources */ = {isa = PBXBuildFile; fileRef = 0C79247321F71ACF00C7E3C2 /* CSVReading.swift */; };
		0C79247C21F71ACF00C7E3C2 /* StreamClosable.swift in Sources */ = {isa = PBXBuildFile; fileRef = 0C79247421F71ACF00C7E3C2 /* StreamClosable.swift */; };
		0C79247D21F71ACF00C7E3C2 /* CSVWriting.swift in Sources */ = {isa = PBXBuildFile; fileRef = 0C79247521F71ACF00C7E3C2 /* CSVWriting.swift */; };
		0C79247E21F71ACF00C7E3C2 /* StreamOpenable.swift in Sources */ = {isa = PBXBuildFile; fileRef = 0C79247621F71ACF00C7E3C2 /* StreamOpenable.swift */; };
		0C79247F21F71ACF00C7E3C2 /* CSVReader.swift in Sources */ = {isa = PBXBuildFile; fileRef = 0C79247721F71ACF00C7E3C2 /* CSVReader.swift */; };
		1B0085D624192A9100143B22 /* README.md in Resources */ = {isa = PBXBuildFile; fileRef = 1B0085D524192A9100143B22 /* README.md */; };
		1B0085D824192C9D00143B22 /* ContactTableViewCell.swift in Sources */ = {isa = PBXBuildFile; fileRef = 1B0085D724192C9D00143B22 /* ContactTableViewCell.swift */; };
		6753E39C2C31B9AD0068CAFE /* InMemoryContactLoaderCache.swift in Sources */ = {isa = PBXBuildFile; fileRef = 6753E39B2C31B9AD0068CAFE /* InMemoryContactLoaderCache.swift */; };
		6753E3A42C31DB330068CAFE /* MailerUITests.swift in Sources */ = {isa = PBXBuildFile; fileRef = 6753E3A32C31DB330068CAFE /* MailerUITests.swift */; };
		6753E3AE2C31DC330068CAFE /* ContactListScreen.swift in Sources */ = {isa = PBXBuildFile; fileRef = 6753E3AD2C31DC330068CAFE /* ContactListScreen.swift */; };
		6753E4962C320BAD0068CAFE /* DetailsScreen.swift in Sources */ = {isa = PBXBuildFile; fileRef = 6753E4952C320BAD0068CAFE /* DetailsScreen.swift */; };
		6753E4982C3211F10068CAFE /* XCUIElement+Helpers.swift in Sources */ = {isa = PBXBuildFile; fileRef = 6753E4972C3211F10068CAFE /* XCUIElement+Helpers.swift */; };
		67F636422C30600800592650 /* ContactsTableViewControllerTests.swift in Sources */ = {isa = PBXBuildFile; fileRef = 67F636412C30600800592650 /* ContactsTableViewControllerTests.swift */; };
		67F636442C316C7E00592650 /* ContactViewModel.swift in Sources */ = {isa = PBXBuildFile; fileRef = 67F636432C316C7E00592650 /* ContactViewModel.swift */; };
		67F636462C31765800592650 /* DetailsTableViewControllerTests.swift in Sources */ = {isa = PBXBuildFile; fileRef = 67F636452C31765800592650 /* DetailsTableViewControllerTests.swift */; };
		67F636482C31807000592650 /* XCTestCase+MemoryLeaks.swift in Sources */ = {isa = PBXBuildFile; fileRef = 67F636472C31807000592650 /* XCTestCase+MemoryLeaks.swift */; };
		67F636502C31842B00592650 /* MailerSnapshotTests.swift in Sources */ = {isa = PBXBuildFile; fileRef = 67F6364F2C31842B00592650 /* MailerSnapshotTests.swift */; };
		67F636582C31848900592650 /* SnapshotTesting in Frameworks */ = {isa = PBXBuildFile; productRef = 67F636572C31848900592650 /* SnapshotTesting */; };
		67F6365E2C318C8A00592650 /* ContactLoaderTests.swift in Sources */ = {isa = PBXBuildFile; fileRef = 67F6365D2C318C8A00592650 /* ContactLoaderTests.swift */; };
		67F636612C3198D800592650 /* Contact.swift in Sources */ = {isa = PBXBuildFile; fileRef = 67F636602C3198D800592650 /* Contact.swift */; };
		67F636632C3198EE00592650 /* ContactLoader.swift in Sources */ = {isa = PBXBuildFile; fileRef = 67F636622C3198EE00592650 /* ContactLoader.swift */; };
		67F636652C31997C00592650 /* ContactViewModelAdapterTests.swift in Sources */ = {isa = PBXBuildFile; fileRef = 67F636642C31997C00592650 /* ContactViewModelAdapterTests.swift */; };
		67F636672C319F6300592650 /* ContactMethodAdapterTests.swift in Sources */ = {isa = PBXBuildFile; fileRef = 67F636662C319F6300592650 /* ContactMethodAdapterTests.swift */; };
		67F636692C31A33A00592650 /* ContactMethod.swift in Sources */ = {isa = PBXBuildFile; fileRef = 67F636682C31A33A00592650 /* ContactMethod.swift */; };
		67F6366B2C31A35900592650 /* ContactMethodAdapter.swift in Sources */ = {isa = PBXBuildFile; fileRef = 67F6366A2C31A35900592650 /* ContactMethodAdapter.swift */; };
		67F6366D2C31A40F00592650 /* ContactMethodTests.swift in Sources */ = {isa = PBXBuildFile; fileRef = 67F6366C2C31A40F00592650 /* ContactMethodTests.swift */; };
		67F6366F2C31AA4000592650 /* Contact+TestData.swift in Sources */ = {isa = PBXBuildFile; fileRef = 67F6366E2C31AA4000592650 /* Contact+TestData.swift */; };
		67F636712C31AC1000592650 /* ContactViewModelAdapter.swift in Sources */ = {isa = PBXBuildFile; fileRef = 67F636702C31AC1000592650 /* ContactViewModelAdapter.swift */; };
		67F636732C31AC8100592650 /* InMemoryContactLoaderCacheTests.swift in Sources */ = {isa = PBXBuildFile; fileRef = 67F636722C31AC8100592650 /* InMemoryContactLoaderCacheTests.swift */; };
		9A3AB2781F57699C00C822CF /* AppDelegate.swift in Sources */ = {isa = PBXBuildFile; fileRef = 9A3AB2771F57699C00C822CF /* AppDelegate.swift */; };
		9A3AB28B1F576A4E00C822CF /* ContactsTableViewController.swift in Sources */ = {isa = PBXBuildFile; fileRef = 9A3AB28A1F576A4E00C822CF /* ContactsTableViewController.swift */; };
		9A3AB28D1F576C7200C822CF /* DetailsTableViewController.swift in Sources */ = {isa = PBXBuildFile; fileRef = 9A3AB28C1F576C7200C822CF /* DetailsTableViewController.swift */; };
		9A3AB2901F576EAD00C822CF /* Contacts.csv in Resources */ = {isa = PBXBuildFile; fileRef = 9A3AB28F1F576EAD00C822CF /* Contacts.csv */; };
/* End PBXBuildFile section */

/* Begin PBXContainerItemProxy section */
		1B632787241938D1001943B8 /* PBXContainerItemProxy */ = {
			isa = PBXContainerItemProxy;
			containerPortal = 9A3AB26C1F57699C00C822CF /* Project object */;
			proxyType = 1;
			remoteGlobalIDString = 9A3AB2731F57699C00C822CF;
			remoteInfo = Mailer;
		};
		6753E3A72C31DB330068CAFE /* PBXContainerItemProxy */ = {
			isa = PBXContainerItemProxy;
			containerPortal = 9A3AB26C1F57699C00C822CF /* Project object */;
			proxyType = 1;
			remoteGlobalIDString = 9A3AB2731F57699C00C822CF;
			remoteInfo = Mailer;
		};
		67F636512C31842B00592650 /* PBXContainerItemProxy */ = {
			isa = PBXContainerItemProxy;
			containerPortal = 9A3AB26C1F57699C00C822CF /* Project object */;
			proxyType = 1;
			remoteGlobalIDString = 9A3AB2731F57699C00C822CF;
			remoteInfo = Mailer;
		};
/* End PBXContainerItemProxy section */

/* Begin PBXFileReference section */
		0C79247021F71ACF00C7E3C2 /* CSVWriter.swift */ = {isa = PBXFileReference; fileEncoding = 4; lastKnownFileType = sourcecode.swift; path = CSVWriter.swift; sourceTree = "<group>"; };
		0C79247121F71ACF00C7E3C2 /* CSVReaderWriter.swift */ = {isa = PBXFileReference; fileEncoding = 4; lastKnownFileType = sourcecode.swift; path = CSVReaderWriter.swift; sourceTree = "<group>"; };
		0C79247321F71ACF00C7E3C2 /* CSVReading.swift */ = {isa = PBXFileReference; fileEncoding = 4; lastKnownFileType = sourcecode.swift; path = CSVReading.swift; sourceTree = "<group>"; };
		0C79247421F71ACF00C7E3C2 /* StreamClosable.swift */ = {isa = PBXFileReference; fileEncoding = 4; lastKnownFileType = sourcecode.swift; path = StreamClosable.swift; sourceTree = "<group>"; };
		0C79247521F71ACF00C7E3C2 /* CSVWriting.swift */ = {isa = PBXFileReference; fileEncoding = 4; lastKnownFileType = sourcecode.swift; path = CSVWriting.swift; sourceTree = "<group>"; };
		0C79247621F71ACF00C7E3C2 /* StreamOpenable.swift */ = {isa = PBXFileReference; fileEncoding = 4; lastKnownFileType = sourcecode.swift; path = StreamOpenable.swift; sourceTree = "<group>"; };
		0C79247721F71ACF00C7E3C2 /* CSVReader.swift */ = {isa = PBXFileReference; fileEncoding = 4; lastKnownFileType = sourcecode.swift; path = CSVReader.swift; sourceTree = "<group>"; };
		1B0085D524192A9100143B22 /* README.md */ = {isa = PBXFileReference; fileEncoding = 4; lastKnownFileType = net.daringfireball.markdown; path = README.md; sourceTree = "<group>"; };
		1B0085D724192C9D00143B22 /* ContactTableViewCell.swift */ = {isa = PBXFileReference; lastKnownFileType = sourcecode.swift; path = ContactTableViewCell.swift; sourceTree = "<group>"; };
		1B632782241938D1001943B8 /* MailerTests.xctest */ = {isa = PBXFileReference; explicitFileType = wrapper.cfbundle; includeInIndex = 0; path = MailerTests.xctest; sourceTree = BUILT_PRODUCTS_DIR; };
		1B632786241938D1001943B8 /* Info.plist */ = {isa = PBXFileReference; lastKnownFileType = text.plist.xml; path = Info.plist; sourceTree = "<group>"; };
		6753E39B2C31B9AD0068CAFE /* InMemoryContactLoaderCache.swift */ = {isa = PBXFileReference; lastKnownFileType = sourcecode.swift; path = InMemoryContactLoaderCache.swift; sourceTree = "<group>"; };
		6753E3A12C31DB330068CAFE /* MailerUITests.xctest */ = {isa = PBXFileReference; explicitFileType = wrapper.cfbundle; includeInIndex = 0; path = MailerUITests.xctest; sourceTree = BUILT_PRODUCTS_DIR; };
		6753E3A32C31DB330068CAFE /* MailerUITests.swift */ = {isa = PBXFileReference; lastKnownFileType = sourcecode.swift; path = MailerUITests.swift; sourceTree = "<group>"; };
		6753E3AD2C31DC330068CAFE /* ContactListScreen.swift */ = {isa = PBXFileReference; lastKnownFileType = sourcecode.swift; path = ContactListScreen.swift; sourceTree = "<group>"; };
		6753E4952C320BAD0068CAFE /* DetailsScreen.swift */ = {isa = PBXFileReference; lastKnownFileType = sourcecode.swift; path = DetailsScreen.swift; sourceTree = "<group>"; };
		6753E4972C3211F10068CAFE /* XCUIElement+Helpers.swift */ = {isa = PBXFileReference; lastKnownFileType = sourcecode.swift; path = "XCUIElement+Helpers.swift"; sourceTree = "<group>"; };
		67F636412C30600800592650 /* ContactsTableViewControllerTests.swift */ = {isa = PBXFileReference; lastKnownFileType = sourcecode.swift; path = ContactsTableViewControllerTests.swift; sourceTree = "<group>"; };
		67F636432C316C7E00592650 /* ContactViewModel.swift */ = {isa = PBXFileReference; lastKnownFileType = sourcecode.swift; path = ContactViewModel.swift; sourceTree = "<group>"; };
		67F636452C31765800592650 /* DetailsTableViewControllerTests.swift */ = {isa = PBXFileReference; lastKnownFileType = sourcecode.swift; path = DetailsTableViewControllerTests.swift; sourceTree = "<group>"; };
		67F636472C31807000592650 /* XCTestCase+MemoryLeaks.swift */ = {isa = PBXFileReference; lastKnownFileType = sourcecode.swift; path = "XCTestCase+MemoryLeaks.swift"; sourceTree = "<group>"; };
		67F6364D2C31842B00592650 /* MailerSnapshotTests.xctest */ = {isa = PBXFileReference; explicitFileType = wrapper.cfbundle; includeInIndex = 0; path = MailerSnapshotTests.xctest; sourceTree = BUILT_PRODUCTS_DIR; };
		67F6364F2C31842B00592650 /* MailerSnapshotTests.swift */ = {isa = PBXFileReference; lastKnownFileType = sourcecode.swift; path = MailerSnapshotTests.swift; sourceTree = "<group>"; };
		67F6365D2C318C8A00592650 /* ContactLoaderTests.swift */ = {isa = PBXFileReference; lastKnownFileType = sourcecode.swift; path = ContactLoaderTests.swift; sourceTree = "<group>"; };
		67F636602C3198D800592650 /* Contact.swift */ = {isa = PBXFileReference; lastKnownFileType = sourcecode.swift; path = Contact.swift; sourceTree = "<group>"; };
		67F636622C3198EE00592650 /* ContactLoader.swift */ = {isa = PBXFileReference; lastKnownFileType = sourcecode.swift; path = ContactLoader.swift; sourceTree = "<group>"; };
		67F636642C31997C00592650 /* ContactViewModelAdapterTests.swift */ = {isa = PBXFileReference; lastKnownFileType = sourcecode.swift; path = ContactViewModelAdapterTests.swift; sourceTree = "<group>"; };
		67F636662C319F6300592650 /* ContactMethodAdapterTests.swift */ = {isa = PBXFileReference; lastKnownFileType = sourcecode.swift; path = ContactMethodAdapterTests.swift; sourceTree = "<group>"; };
		67F636682C31A33A00592650 /* ContactMethod.swift */ = {isa = PBXFileReference; lastKnownFileType = sourcecode.swift; path = ContactMethod.swift; sourceTree = "<group>"; };
		67F6366A2C31A35900592650 /* ContactMethodAdapter.swift */ = {isa = PBXFileReference; lastKnownFileType = sourcecode.swift; path = ContactMethodAdapter.swift; sourceTree = "<group>"; };
		67F6366C2C31A40F00592650 /* ContactMethodTests.swift */ = {isa = PBXFileReference; lastKnownFileType = sourcecode.swift; path = ContactMethodTests.swift; sourceTree = "<group>"; };
		67F6366E2C31AA4000592650 /* Contact+TestData.swift */ = {isa = PBXFileReference; lastKnownFileType = sourcecode.swift; path = "Contact+TestData.swift"; sourceTree = "<group>"; };
		67F636702C31AC1000592650 /* ContactViewModelAdapter.swift */ = {isa = PBXFileReference; lastKnownFileType = sourcecode.swift; path = ContactViewModelAdapter.swift; sourceTree = "<group>"; };
		67F636722C31AC8100592650 /* InMemoryContactLoaderCacheTests.swift */ = {isa = PBXFileReference; lastKnownFileType = sourcecode.swift; path = InMemoryContactLoaderCacheTests.swift; sourceTree = "<group>"; };
		9A3AB2741F57699C00C822CF /* Mailer.app */ = {isa = PBXFileReference; explicitFileType = wrapper.application; includeInIndex = 0; path = Mailer.app; sourceTree = BUILT_PRODUCTS_DIR; };
		9A3AB2771F57699C00C822CF /* AppDelegate.swift */ = {isa = PBXFileReference; lastKnownFileType = sourcecode.swift; path = AppDelegate.swift; sourceTree = "<group>"; };
		9A3AB2831F57699C00C822CF /* Info.plist */ = {isa = PBXFileReference; lastKnownFileType = text.plist.xml; path = Info.plist; sourceTree = "<group>"; };
		9A3AB28A1F576A4E00C822CF /* ContactsTableViewController.swift */ = {isa = PBXFileReference; fileEncoding = 4; lastKnownFileType = sourcecode.swift; path = ContactsTableViewController.swift; sourceTree = "<group>"; };
		9A3AB28C1F576C7200C822CF /* DetailsTableViewController.swift */ = {isa = PBXFileReference; fileEncoding = 4; lastKnownFileType = sourcecode.swift; path = DetailsTableViewController.swift; sourceTree = "<group>"; };
		9A3AB28F1F576EAD00C822CF /* Contacts.csv */ = {isa = PBXFileReference; fileEncoding = 4; lastKnownFileType = text; path = Contacts.csv; sourceTree = "<group>"; };
/* End PBXFileReference section */

/* Begin PBXFrameworksBuildPhase section */
		1B63277F241938D1001943B8 /* Frameworks */ = {
			isa = PBXFrameworksBuildPhase;
			buildActionMask = 2147483647;
			files = (
			);
			runOnlyForDeploymentPostprocessing = 0;
		};
		6753E39E2C31DB330068CAFE /* Frameworks */ = {
			isa = PBXFrameworksBuildPhase;
			buildActionMask = 2147483647;
			files = (
			);
			runOnlyForDeploymentPostprocessing = 0;
		};
		67F6364A2C31842B00592650 /* Frameworks */ = {
			isa = PBXFrameworksBuildPhase;
			buildActionMask = 2147483647;
			files = (
				67F636582C31848900592650 /* SnapshotTesting in Frameworks */,
			);
			runOnlyForDeploymentPostprocessing = 0;
		};
		9A3AB2711F57699C00C822CF /* Frameworks */ = {
			isa = PBXFrameworksBuildPhase;
			buildActionMask = 2147483647;
			files = (
			);
			runOnlyForDeploymentPostprocessing = 0;
		};
/* End PBXFrameworksBuildPhase section */

/* Begin PBXGroup section */
		0C79247221F71ACF00C7E3C2 /* Protocol */ = {
			isa = PBXGroup;
			children = (
				0C79247321F71ACF00C7E3C2 /* CSVReading.swift */,
				0C79247421F71ACF00C7E3C2 /* StreamClosable.swift */,
				0C79247521F71ACF00C7E3C2 /* CSVWriting.swift */,
				0C79247621F71ACF00C7E3C2 /* StreamOpenable.swift */,
			);
			path = Protocol;
			sourceTree = "<group>";
		};
		1B632783241938D1001943B8 /* MailerTests */ = {
			isa = PBXGroup;
			children = (
				67F6365C2C318C6100592650 /* Data */,
				67F6365B2C318B7500592650 /* Extensions */,
				67F6365A2C318B5C00592650 /* Presentation */,
				1B632786241938D1001943B8 /* Info.plist */,
			);
			path = MailerTests;
			sourceTree = "<group>";
		};
		6753E3A22C31DB330068CAFE /* MailerUITests */ = {
			isa = PBXGroup;
			children = (
				6753E3AC2C31DBE80068CAFE /* Screens */,
				6753E3A32C31DB330068CAFE /* MailerUITests.swift */,
				6753E4972C3211F10068CAFE /* XCUIElement+Helpers.swift */,
			);
			path = MailerUITests;
			sourceTree = "<group>";
		};
		6753E3AC2C31DBE80068CAFE /* Screens */ = {
			isa = PBXGroup;
			children = (
				6753E3AD2C31DC330068CAFE /* ContactListScreen.swift */,
				6753E4952C320BAD0068CAFE /* DetailsScreen.swift */,
			);
			path = Screens;
			sourceTree = "<group>";
		};
		67F6364E2C31842B00592650 /* MailerSnapshotTests */ = {
			isa = PBXGroup;
			children = (
				67F6364F2C31842B00592650 /* MailerSnapshotTests.swift */,
			);
			path = MailerSnapshotTests;
			sourceTree = "<group>";
		};
		67F636592C318B4200592650 /* Presentation */ = {
			isa = PBXGroup;
			children = (
				9A3AB2771F57699C00C822CF /* AppDelegate.swift */,
				9A3AB28A1F576A4E00C822CF /* ContactsTableViewController.swift */,
				1B0085D724192C9D00143B22 /* ContactTableViewCell.swift */,
				67F636432C316C7E00592650 /* ContactViewModel.swift */,
				9A3AB28C1F576C7200C822CF /* DetailsTableViewController.swift */,
			);
			path = Presentation;
			sourceTree = "<group>";
		};
		67F6365A2C318B5C00592650 /* Presentation */ = {
			isa = PBXGroup;
			children = (
				67F636412C30600800592650 /* ContactsTableViewControllerTests.swift */,
				67F636452C31765800592650 /* DetailsTableViewControllerTests.swift */,
			);
			path = Presentation;
			sourceTree = "<group>";
		};
		67F6365B2C318B7500592650 /* Extensions */ = {
			isa = PBXGroup;
			children = (
				67F6366E2C31AA4000592650 /* Contact+TestData.swift */,
				67F636472C31807000592650 /* XCTestCase+MemoryLeaks.swift */,
			);
			path = Extensions;
			sourceTree = "<group>";
		};
		67F6365C2C318C6100592650 /* Data */ = {
			isa = PBXGroup;
			children = (
				67F6365D2C318C8A00592650 /* ContactLoaderTests.swift */,
				67F636662C319F6300592650 /* ContactMethodAdapterTests.swift */,
				67F6366C2C31A40F00592650 /* ContactMethodTests.swift */,
				67F636642C31997C00592650 /* ContactViewModelAdapterTests.swift */,
				67F636722C31AC8100592650 /* InMemoryContactLoaderCacheTests.swift */,
			);
			path = Data;
			sourceTree = "<group>";
		};
		67F6365F2C3198D300592650 /* Data */ = {
			isa = PBXGroup;
			children = (
				67F636602C3198D800592650 /* Contact.swift */,
				67F636622C3198EE00592650 /* ContactLoader.swift */,
				67F636682C31A33A00592650 /* ContactMethod.swift */,
				67F6366A2C31A35900592650 /* ContactMethodAdapter.swift */,
				67F636702C31AC1000592650 /* ContactViewModelAdapter.swift */,
				6753E39B2C31B9AD0068CAFE /* InMemoryContactLoaderCache.swift */,
			);
			path = Data;
			sourceTree = "<group>";
		};
		9A3AB26B1F57699C00C822CF = {
			isa = PBXGroup;
			children = (
				1B0085D524192A9100143B22 /* README.md */,
				9A3AB2761F57699C00C822CF /* Mailer */,
				67F6364E2C31842B00592650 /* MailerSnapshotTests */,
				1B632783241938D1001943B8 /* MailerTests */,
				6753E3A22C31DB330068CAFE /* MailerUITests */,
				9A3AB2891F5769CB00C822CF /* Supporting Files */,
				9A3AB2751F57699C00C822CF /* Products */,
			);
			sourceTree = "<group>";
		};
		9A3AB2751F57699C00C822CF /* Products */ = {
			isa = PBXGroup;
			children = (
				9A3AB2741F57699C00C822CF /* Mailer.app */,
				1B632782241938D1001943B8 /* MailerTests.xctest */,
				67F6364D2C31842B00592650 /* MailerSnapshotTests.xctest */,
				6753E3A12C31DB330068CAFE /* MailerUITests.xctest */,
			);
			name = Products;
			sourceTree = "<group>";
		};
		9A3AB2761F57699C00C822CF /* Mailer */ = {
			isa = PBXGroup;
			children = (
				9A3AB28E1F576DA700C822CF /* CSV */,
				67F6365F2C3198D300592650 /* Data */,
				67F636592C318B4200592650 /* Presentation */,
			);
			path = Mailer;
			sourceTree = "<group>";
		};
		9A3AB2891F5769CB00C822CF /* Supporting Files */ = {
			isa = PBXGroup;
			children = (
				9A3AB28F1F576EAD00C822CF /* Contacts.csv */,
				9A3AB2831F57699C00C822CF /* Info.plist */,
			);
			path = "Supporting Files";
			sourceTree = "<group>";
		};
		9A3AB28E1F576DA700C822CF /* CSV */ = {
			isa = PBXGroup;
			children = (
				0C79247221F71ACF00C7E3C2 /* Protocol */,
				0C79247021F71ACF00C7E3C2 /* CSVWriter.swift */,
				0C79247121F71ACF00C7E3C2 /* CSVReaderWriter.swift */,
				0C79247721F71ACF00C7E3C2 /* CSVReader.swift */,
			);
			path = CSV;
			sourceTree = "<group>";
		};
/* End PBXGroup section */

/* Begin PBXNativeTarget section */
		1B632781241938D1001943B8 /* MailerTests */ = {
			isa = PBXNativeTarget;
			buildConfigurationList = 1B63278B241938D1001943B8 /* Build configuration list for PBXNativeTarget "MailerTests" */;
			buildPhases = (
				1B63277E241938D1001943B8 /* Sources */,
				1B63277F241938D1001943B8 /* Frameworks */,
				1B632780241938D1001943B8 /* Resources */,
			);
			buildRules = (
			);
			dependencies = (
				1B632788241938D1001943B8 /* PBXTargetDependency */,
			);
			name = MailerTests;
			productName = MailerTests;
			productReference = 1B632782241938D1001943B8 /* MailerTests.xctest */;
			productType = "com.apple.product-type.bundle.unit-test";
		};
		6753E3A02C31DB330068CAFE /* MailerUITests */ = {
			isa = PBXNativeTarget;
			buildConfigurationList = 6753E3A92C31DB330068CAFE /* Build configuration list for PBXNativeTarget "MailerUITests" */;
			buildPhases = (
				6753E39D2C31DB330068CAFE /* Sources */,
				6753E39E2C31DB330068CAFE /* Frameworks */,
				6753E39F2C31DB330068CAFE /* Resources */,
			);
			buildRules = (
			);
			dependencies = (
				6753E3A82C31DB330068CAFE /* PBXTargetDependency */,
			);
			name = MailerUITests;
			productName = MailerUITests;
			productReference = 6753E3A12C31DB330068CAFE /* MailerUITests.xctest */;
			productType = "com.apple.product-type.bundle.ui-testing";
		};
		67F6364C2C31842B00592650 /* MailerSnapshotTests */ = {
			isa = PBXNativeTarget;
			buildConfigurationList = 67F636552C31842B00592650 /* Build configuration list for PBXNativeTarget "MailerSnapshotTests" */;
			buildPhases = (
				67F636492C31842B00592650 /* Sources */,
				67F6364A2C31842B00592650 /* Frameworks */,
				67F6364B2C31842B00592650 /* Resources */,
			);
			buildRules = (
			);
			dependencies = (
				67F636522C31842B00592650 /* PBXTargetDependency */,
			);
			name = MailerSnapshotTests;
			packageProductDependencies = (
				67F636572C31848900592650 /* SnapshotTesting */,
			);
			productName = MailerSnapshotTests;
			productReference = 67F6364D2C31842B00592650 /* MailerSnapshotTests.xctest */;
			productType = "com.apple.product-type.bundle.unit-test";
		};
		9A3AB2731F57699C00C822CF /* Mailer */ = {
			isa = PBXNativeTarget;
			buildConfigurationList = 9A3AB2861F57699C00C822CF /* Build configuration list for PBXNativeTarget "Mailer" */;
			buildPhases = (
				9A3AB2701F57699C00C822CF /* Sources */,
				9A3AB2711F57699C00C822CF /* Frameworks */,
				9A3AB2721F57699C00C822CF /* Resources */,
			);
			buildRules = (
			);
			dependencies = (
			);
			name = Mailer;
			productName = Mailer;
			productReference = 9A3AB2741F57699C00C822CF /* Mailer.app */;
			productType = "com.apple.product-type.application";
		};
/* End PBXNativeTarget section */

/* Begin PBXProject section */
		9A3AB26C1F57699C00C822CF /* Project object */ = {
			isa = PBXProject;
			attributes = {
				LastSwiftUpdateCheck = 1540;
				LastUpgradeCheck = 1130;
				ORGANIZATIONNAME = Trainline;
				TargetAttributes = {
					1B632781241938D1001943B8 = {
						CreatedOnToolsVersion = 11.3.1;
						DevelopmentTeam = 4FM8U3FD59;
						ProvisioningStyle = Automatic;
						TestTargetID = 9A3AB2731F57699C00C822CF;
					};
					6753E3A02C31DB330068CAFE = {
						CreatedOnToolsVersion = 15.4;
						TestTargetID = 9A3AB2731F57699C00C822CF;
					};
					67F6364C2C31842B00592650 = {
						CreatedOnToolsVersion = 15.4;
						TestTargetID = 9A3AB2731F57699C00C822CF;
					};
					9A3AB2731F57699C00C822CF = {
						CreatedOnToolsVersion = 8.3.3;
						LastSwiftMigration = 1130;
						ProvisioningStyle = Automatic;
					};
				};
			};
			buildConfigurationList = 9A3AB26F1F57699C00C822CF /* Build configuration list for PBXProject "Mailer" */;
			compatibilityVersion = "Xcode 3.2";
			developmentRegion = en;
			hasScannedForEncodings = 0;
			knownRegions = (
				en,
				Base,
			);
			mainGroup = 9A3AB26B1F57699C00C822CF;
			packageReferences = (
				67F636562C31848900592650 /* XCRemoteSwiftPackageReference "swift-snapshot-testing" */,
			);
			productRefGroup = 9A3AB2751F57699C00C822CF /* Products */;
			projectDirPath = "";
			projectRoot = "";
			targets = (
				9A3AB2731F57699C00C822CF /* Mailer */,
				1B632781241938D1001943B8 /* MailerTests */,
				67F6364C2C31842B00592650 /* MailerSnapshotTests */,
				6753E3A02C31DB330068CAFE /* MailerUITests */,
			);
		};
/* End PBXProject section */

/* Begin PBXResourcesBuildPhase section */
		1B632780241938D1001943B8 /* Resources */ = {
			isa = PBXResourcesBuildPhase;
			buildActionMask = 2147483647;
			files = (
			);
			runOnlyForDeploymentPostprocessing = 0;
		};
		6753E39F2C31DB330068CAFE /* Resources */ = {
			isa = PBXResourcesBuildPhase;
			buildActionMask = 2147483647;
			files = (
			);
			runOnlyForDeploymentPostprocessing = 0;
		};
		67F6364B2C31842B00592650 /* Resources */ = {
			isa = PBXResourcesBuildPhase;
			buildActionMask = 2147483647;
			files = (
			);
			runOnlyForDeploymentPostprocessing = 0;
		};
		9A3AB2721F57699C00C822CF /* Resources */ = {
			isa = PBXResourcesBuildPhase;
			buildActionMask = 2147483647;
			files = (
				1B0085D624192A9100143B22 /* README.md in Resources */,
				9A3AB2901F576EAD00C822CF /* Contacts.csv in Resources */,
			);
			runOnlyForDeploymentPostprocessing = 0;
		};
/* End PBXResourcesBuildPhase section */

/* Begin PBXSourcesBuildPhase section */
		1B63277E241938D1001943B8 /* Sources */ = {
			isa = PBXSourcesBuildPhase;
			buildActionMask = 2147483647;
			files = (
				67F636672C319F6300592650 /* ContactMethodAdapterTests.swift in Sources */,
				67F636462C31765800592650 /* DetailsTableViewControllerTests.swift in Sources */,
				67F6366F2C31AA4000592650 /* Contact+TestData.swift in Sources */,
				67F636652C31997C00592650 /* ContactViewModelAdapterTests.swift in Sources */,
				67F6365E2C318C8A00592650 /* ContactLoaderTests.swift in Sources */,
				67F636422C30600800592650 /* ContactsTableViewControllerTests.swift in Sources */,
				67F636732C31AC8100592650 /* InMemoryContactLoaderCacheTests.swift in Sources */,
				67F636482C31807000592650 /* XCTestCase+MemoryLeaks.swift in Sources */,
				67F6366D2C31A40F00592650 /* ContactMethodTests.swift in Sources */,
			);
			runOnlyForDeploymentPostprocessing = 0;
		};
		6753E39D2C31DB330068CAFE /* Sources */ = {
			isa = PBXSourcesBuildPhase;
			buildActionMask = 2147483647;
			files = (
				6753E3AE2C31DC330068CAFE /* ContactListScreen.swift in Sources */,
				6753E4982C3211F10068CAFE /* XCUIElement+Helpers.swift in Sources */,
				6753E4962C320BAD0068CAFE /* DetailsScreen.swift in Sources */,
				6753E3A42C31DB330068CAFE /* MailerUITests.swift in Sources */,
			);
			runOnlyForDeploymentPostprocessing = 0;
		};
		67F636492C31842B00592650 /* Sources */ = {
			isa = PBXSourcesBuildPhase;
			buildActionMask = 2147483647;
			files = (
				67F636502C31842B00592650 /* MailerSnapshotTests.swift in Sources */,
			);
			runOnlyForDeploymentPostprocessing = 0;
		};
		9A3AB2701F57699C00C822CF /* Sources */ = {
			isa = PBXSourcesBuildPhase;
			buildActionMask = 2147483647;
			files = (
				67F636612C3198D800592650 /* Contact.swift in Sources */,
				0C79247C21F71ACF00C7E3C2 /* StreamClosable.swift in Sources */,
				67F636442C316C7E00592650 /* ContactViewModel.swift in Sources */,
				67F6366B2C31A35900592650 /* ContactMethodAdapter.swift in Sources */,
				0C79247D21F71ACF00C7E3C2 /* CSVWriting.swift in Sources */,
				1B0085D824192C9D00143B22 /* ContactTableViewCell.swift in Sources */,
				6753E39C2C31B9AD0068CAFE /* InMemoryContactLoaderCache.swift in Sources */,
				0C79247921F71ACF00C7E3C2 /* CSVWriter.swift in Sources */,
				9A3AB28D1F576C7200C822CF /* DetailsTableViewController.swift in Sources */,
				9A3AB2781F57699C00C822CF /* AppDelegate.swift in Sources */,
				0C79247A21F71ACF00C7E3C2 /* CSVReaderWriter.swift in Sources */,
				67F636632C3198EE00592650 /* ContactLoader.swift in Sources */,
				67F636712C31AC1000592650 /* ContactViewModelAdapter.swift in Sources */,
				0C79247F21F71ACF00C7E3C2 /* CSVReader.swift in Sources */,
				67F636692C31A33A00592650 /* ContactMethod.swift in Sources */,
				9A3AB28B1F576A4E00C822CF /* ContactsTableViewController.swift in Sources */,
				0C79247B21F71ACF00C7E3C2 /* CSVReading.swift in Sources */,
				0C79247E21F71ACF00C7E3C2 /* StreamOpenable.swift in Sources */,
			);
			runOnlyForDeploymentPostprocessing = 0;
		};
/* End PBXSourcesBuildPhase section */

/* Begin PBXTargetDependency section */
		1B632788241938D1001943B8 /* PBXTargetDependency */ = {
			isa = PBXTargetDependency;
			target = 9A3AB2731F57699C00C822CF /* Mailer */;
			targetProxy = 1B632787241938D1001943B8 /* PBXContainerItemProxy */;
		};
		6753E3A82C31DB330068CAFE /* PBXTargetDependency */ = {
			isa = PBXTargetDependency;
			target = 9A3AB2731F57699C00C822CF /* Mailer */;
			targetProxy = 6753E3A72C31DB330068CAFE /* PBXContainerItemProxy */;
		};
		67F636522C31842B00592650 /* PBXTargetDependency */ = {
			isa = PBXTargetDependency;
			target = 9A3AB2731F57699C00C822CF /* Mailer */;
			targetProxy = 67F636512C31842B00592650 /* PBXContainerItemProxy */;
		};
/* End PBXTargetDependency section */

/* Begin XCBuildConfiguration section */
		1B632789241938D1001943B8 /* Debug */ = {
			isa = XCBuildConfiguration;
			buildSettings = {
				BUNDLE_LOADER = "$(TEST_HOST)";
				CLANG_CXX_LANGUAGE_STANDARD = "gnu++14";
				CLANG_ENABLE_OBJC_WEAK = YES;
				CLANG_WARN_UNGUARDED_AVAILABILITY = YES_AGGRESSIVE;
				CODE_SIGN_STYLE = Automatic;
				DEVELOPMENT_TEAM = 4FM8U3FD59;
				GCC_C_LANGUAGE_STANDARD = gnu11;
				INFOPLIST_FILE = MailerTests/Info.plist;
				IPHONEOS_DEPLOYMENT_TARGET = 13.2;
				LD_RUNPATH_SEARCH_PATHS = (
					"$(inherited)",
					"@executable_path/Frameworks",
					"@loader_path/Frameworks",
				);
				MTL_ENABLE_DEBUG_INFO = INCLUDE_SOURCE;
				MTL_FAST_MATH = YES;
				PRODUCT_BUNDLE_IDENTIFIER = com.oliverpoole.MailerTests;
				PRODUCT_NAME = "$(TARGET_NAME)";
				SWIFT_VERSION = 5.0;
				TARGETED_DEVICE_FAMILY = "1,2";
				TEST_HOST = "$(BUILT_PRODUCTS_DIR)/Mailer.app/Mailer";
			};
			name = Debug;
		};
		1B63278A241938D1001943B8 /* Release */ = {
			isa = XCBuildConfiguration;
			buildSettings = {
				BUNDLE_LOADER = "$(TEST_HOST)";
				CLANG_CXX_LANGUAGE_STANDARD = "gnu++14";
				CLANG_ENABLE_OBJC_WEAK = YES;
				CLANG_WARN_UNGUARDED_AVAILABILITY = YES_AGGRESSIVE;
				CODE_SIGN_STYLE = Automatic;
				DEVELOPMENT_TEAM = 4FM8U3FD59;
				GCC_C_LANGUAGE_STANDARD = gnu11;
				INFOPLIST_FILE = MailerTests/Info.plist;
				IPHONEOS_DEPLOYMENT_TARGET = 13.2;
				LD_RUNPATH_SEARCH_PATHS = (
					"$(inherited)",
					"@executable_path/Frameworks",
					"@loader_path/Frameworks",
				);
				MTL_FAST_MATH = YES;
				PRODUCT_BUNDLE_IDENTIFIER = com.oliverpoole.MailerTests;
				PRODUCT_NAME = "$(TARGET_NAME)";
				SWIFT_VERSION = 5.0;
				TARGETED_DEVICE_FAMILY = "1,2";
				TEST_HOST = "$(BUILT_PRODUCTS_DIR)/Mailer.app/Mailer";
			};
			name = Release;
		};
		6753E3AA2C31DB330068CAFE /* Debug */ = {
			isa = XCBuildConfiguration;
			buildSettings = {
				ASSETCATALOG_COMPILER_GENERATE_SWIFT_ASSET_SYMBOL_EXTENSIONS = YES;
				CLANG_CXX_LANGUAGE_STANDARD = "gnu++20";
				CLANG_ENABLE_OBJC_WEAK = YES;
				CLANG_WARN_QUOTED_INCLUDE_IN_FRAMEWORK_HEADER = YES;
				CLANG_WARN_UNGUARDED_AVAILABILITY = YES_AGGRESSIVE;
				CODE_SIGN_STYLE = Automatic;
				CURRENT_PROJECT_VERSION = 1;
				ENABLE_USER_SCRIPT_SANDBOXING = YES;
				GCC_C_LANGUAGE_STANDARD = gnu17;
				GENERATE_INFOPLIST_FILE = YES;
				IPHONEOS_DEPLOYMENT_TARGET = 17.5;
				LOCALIZATION_PREFERS_STRING_CATALOGS = YES;
				MARKETING_VERSION = 1.0;
				MTL_ENABLE_DEBUG_INFO = INCLUDE_SOURCE;
				MTL_FAST_MATH = YES;
				PRODUCT_BUNDLE_IDENTIFIER = com.thetrainline.MailerUITests;
				PRODUCT_NAME = "$(TARGET_NAME)";
				SWIFT_ACTIVE_COMPILATION_CONDITIONS = "DEBUG $(inherited)";
				SWIFT_EMIT_LOC_STRINGS = NO;
				SWIFT_VERSION = 5.0;
				TARGETED_DEVICE_FAMILY = "1,2";
				TEST_TARGET_NAME = Mailer;
			};
			name = Debug;
		};
		6753E3AB2C31DB330068CAFE /* Release */ = {
			isa = XCBuildConfiguration;
			buildSettings = {
				ASSETCATALOG_COMPILER_GENERATE_SWIFT_ASSET_SYMBOL_EXTENSIONS = YES;
				CLANG_CXX_LANGUAGE_STANDARD = "gnu++20";
				CLANG_ENABLE_OBJC_WEAK = YES;
				CLANG_WARN_QUOTED_INCLUDE_IN_FRAMEWORK_HEADER = YES;
				CLANG_WARN_UNGUARDED_AVAILABILITY = YES_AGGRESSIVE;
				CODE_SIGN_STYLE = Automatic;
				CURRENT_PROJECT_VERSION = 1;
				ENABLE_USER_SCRIPT_SANDBOXING = YES;
				GCC_C_LANGUAGE_STANDARD = gnu17;
				GENERATE_INFOPLIST_FILE = YES;
				IPHONEOS_DEPLOYMENT_TARGET = 17.5;
				LOCALIZATION_PREFERS_STRING_CATALOGS = YES;
				MARKETING_VERSION = 1.0;
				MTL_FAST_MATH = YES;
				PRODUCT_BUNDLE_IDENTIFIER = com.thetrainline.MailerUITests;
				PRODUCT_NAME = "$(TARGET_NAME)";
				SWIFT_EMIT_LOC_STRINGS = NO;
				SWIFT_VERSION = 5.0;
				TARGETED_DEVICE_FAMILY = "1,2";
				TEST_TARGET_NAME = Mailer;
			};
			name = Release;
		};
		67F636532C31842B00592650 /* Debug */ = {
			isa = XCBuildConfiguration;
			buildSettings = {
				ASSETCATALOG_COMPILER_GENERATE_SWIFT_ASSET_SYMBOL_EXTENSIONS = YES;
				BUNDLE_LOADER = "$(TEST_HOST)";
				CLANG_CXX_LANGUAGE_STANDARD = "gnu++20";
				CLANG_ENABLE_OBJC_WEAK = YES;
				CLANG_WARN_QUOTED_INCLUDE_IN_FRAMEWORK_HEADER = YES;
				CLANG_WARN_UNGUARDED_AVAILABILITY = YES_AGGRESSIVE;
				CODE_SIGN_STYLE = Automatic;
				CURRENT_PROJECT_VERSION = 1;
				ENABLE_USER_SCRIPT_SANDBOXING = YES;
				GCC_C_LANGUAGE_STANDARD = gnu17;
				GENERATE_INFOPLIST_FILE = YES;
				IPHONEOS_DEPLOYMENT_TARGET = 17.5;
				LOCALIZATION_PREFERS_STRING_CATALOGS = YES;
				MARKETING_VERSION = 1.0;
				MTL_ENABLE_DEBUG_INFO = INCLUDE_SOURCE;
				MTL_FAST_MATH = YES;
				PRODUCT_BUNDLE_IDENTIFIER = com.thetrainline.MailerSnapshotTests;
				PRODUCT_NAME = "$(TARGET_NAME)";
				SWIFT_ACTIVE_COMPILATION_CONDITIONS = "DEBUG $(inherited)";
				SWIFT_EMIT_LOC_STRINGS = NO;
				SWIFT_VERSION = 5.0;
				TARGETED_DEVICE_FAMILY = "1,2";
				TEST_HOST = "$(BUILT_PRODUCTS_DIR)/Mailer.app/$(BUNDLE_EXECUTABLE_FOLDER_PATH)/Mailer";
			};
			name = Debug;
		};
		67F636542C31842B00592650 /* Release */ = {
			isa = XCBuildConfiguration;
			buildSettings = {
				ASSETCATALOG_COMPILER_GENERATE_SWIFT_ASSET_SYMBOL_EXTENSIONS = YES;
				BUNDLE_LOADER = "$(TEST_HOST)";
				CLANG_CXX_LANGUAGE_STANDARD = "gnu++20";
				CLANG_ENABLE_OBJC_WEAK = YES;
				CLANG_WARN_QUOTED_INCLUDE_IN_FRAMEWORK_HEADER = YES;
				CLANG_WARN_UNGUARDED_AVAILABILITY = YES_AGGRESSIVE;
				CODE_SIGN_STYLE = Automatic;
				CURRENT_PROJECT_VERSION = 1;
				ENABLE_USER_SCRIPT_SANDBOXING = YES;
				GCC_C_LANGUAGE_STANDARD = gnu17;
				GENERATE_INFOPLIST_FILE = YES;
				IPHONEOS_DEPLOYMENT_TARGET = 17.5;
				LOCALIZATION_PREFERS_STRING_CATALOGS = YES;
				MARKETING_VERSION = 1.0;
				MTL_FAST_MATH = YES;
				PRODUCT_BUNDLE_IDENTIFIER = com.thetrainline.MailerSnapshotTests;
				PRODUCT_NAME = "$(TARGET_NAME)";
				SWIFT_EMIT_LOC_STRINGS = NO;
				SWIFT_VERSION = 5.0;
				TARGETED_DEVICE_FAMILY = "1,2";
				TEST_HOST = "$(BUILT_PRODUCTS_DIR)/Mailer.app/$(BUNDLE_EXECUTABLE_FOLDER_PATH)/Mailer";
			};
			name = Release;
		};
		9A3AB2841F57699C00C822CF /* Debug */ = {
			isa = XCBuildConfiguration;
			buildSettings = {
				ALWAYS_SEARCH_USER_PATHS = NO;
				CLANG_ANALYZER_LOCALIZABILITY_NONLOCALIZED = YES;
				CLANG_ANALYZER_NONNULL = YES;
				CLANG_ANALYZER_NUMBER_OBJECT_CONVERSION = YES_AGGRESSIVE;
				CLANG_CXX_LANGUAGE_STANDARD = "gnu++0x";
				CLANG_CXX_LIBRARY = "libc++";
				CLANG_ENABLE_MODULES = YES;
				CLANG_ENABLE_OBJC_ARC = YES;
				CLANG_WARN_BLOCK_CAPTURE_AUTORELEASING = YES;
				CLANG_WARN_BOOL_CONVERSION = YES;
				CLANG_WARN_COMMA = YES;
				CLANG_WARN_CONSTANT_CONVERSION = YES;
				CLANG_WARN_DEPRECATED_OBJC_IMPLEMENTATIONS = YES;
				CLANG_WARN_DIRECT_OBJC_ISA_USAGE = YES_ERROR;
				CLANG_WARN_DOCUMENTATION_COMMENTS = YES;
				CLANG_WARN_EMPTY_BODY = YES;
				CLANG_WARN_ENUM_CONVERSION = YES;
				CLANG_WARN_INFINITE_RECURSION = YES;
				CLANG_WARN_INT_CONVERSION = YES;
				CLANG_WARN_NON_LITERAL_NULL_CONVERSION = YES;
				CLANG_WARN_OBJC_IMPLICIT_RETAIN_SELF = YES;
				CLANG_WARN_OBJC_LITERAL_CONVERSION = YES;
				CLANG_WARN_OBJC_ROOT_CLASS = YES_ERROR;
				CLANG_WARN_RANGE_LOOP_ANALYSIS = YES;
				CLANG_WARN_STRICT_PROTOTYPES = YES;
				CLANG_WARN_SUSPICIOUS_MOVE = YES;
				CLANG_WARN_UNREACHABLE_CODE = YES;
				CLANG_WARN__DUPLICATE_METHOD_MATCH = YES;
				"CODE_SIGN_IDENTITY[sdk=iphoneos*]" = "iPhone Developer";
				COPY_PHASE_STRIP = NO;
				DEBUG_INFORMATION_FORMAT = dwarf;
				ENABLE_STRICT_OBJC_MSGSEND = YES;
				ENABLE_TESTABILITY = YES;
				GCC_C_LANGUAGE_STANDARD = gnu99;
				GCC_DYNAMIC_NO_PIC = NO;
				GCC_NO_COMMON_BLOCKS = YES;
				GCC_OPTIMIZATION_LEVEL = 0;
				GCC_PREPROCESSOR_DEFINITIONS = (
					"DEBUG=1",
					"$(inherited)",
				);
				GCC_WARN_64_TO_32_BIT_CONVERSION = YES;
				GCC_WARN_ABOUT_RETURN_TYPE = YES_ERROR;
				GCC_WARN_UNDECLARED_SELECTOR = YES;
				GCC_WARN_UNINITIALIZED_AUTOS = YES_AGGRESSIVE;
				GCC_WARN_UNUSED_FUNCTION = YES;
				GCC_WARN_UNUSED_VARIABLE = YES;
				IPHONEOS_DEPLOYMENT_TARGET = 10.3;
				MTL_ENABLE_DEBUG_INFO = YES;
				ONLY_ACTIVE_ARCH = YES;
				SDKROOT = iphoneos;
				SWIFT_ACTIVE_COMPILATION_CONDITIONS = DEBUG;
				SWIFT_OPTIMIZATION_LEVEL = "-Onone";
				TARGETED_DEVICE_FAMILY = "1,2";
			};
			name = Debug;
		};
		9A3AB2851F57699C00C822CF /* Release */ = {
			isa = XCBuildConfiguration;
			buildSettings = {
				ALWAYS_SEARCH_USER_PATHS = NO;
				CLANG_ANALYZER_LOCALIZABILITY_NONLOCALIZED = YES;
				CLANG_ANALYZER_NONNULL = YES;
				CLANG_ANALYZER_NUMBER_OBJECT_CONVERSION = YES_AGGRESSIVE;
				CLANG_CXX_LANGUAGE_STANDARD = "gnu++0x";
				CLANG_CXX_LIBRARY = "libc++";
				CLANG_ENABLE_MODULES = YES;
				CLANG_ENABLE_OBJC_ARC = YES;
				CLANG_WARN_BLOCK_CAPTURE_AUTORELEASING = YES;
				CLANG_WARN_BOOL_CONVERSION = YES;
				CLANG_WARN_COMMA = YES;
				CLANG_WARN_CONSTANT_CONVERSION = YES;
				CLANG_WARN_DEPRECATED_OBJC_IMPLEMENTATIONS = YES;
				CLANG_WARN_DIRECT_OBJC_ISA_USAGE = YES_ERROR;
				CLANG_WARN_DOCUMENTATION_COMMENTS = YES;
				CLANG_WARN_EMPTY_BODY = YES;
				CLANG_WARN_ENUM_CONVERSION = YES;
				CLANG_WARN_INFINITE_RECURSION = YES;
				CLANG_WARN_INT_CONVERSION = YES;
				CLANG_WARN_NON_LITERAL_NULL_CONVERSION = YES;
				CLANG_WARN_OBJC_IMPLICIT_RETAIN_SELF = YES;
				CLANG_WARN_OBJC_LITERAL_CONVERSION = YES;
				CLANG_WARN_OBJC_ROOT_CLASS = YES_ERROR;
				CLANG_WARN_RANGE_LOOP_ANALYSIS = YES;
				CLANG_WARN_STRICT_PROTOTYPES = YES;
				CLANG_WARN_SUSPICIOUS_MOVE = YES;
				CLANG_WARN_UNREACHABLE_CODE = YES;
				CLANG_WARN__DUPLICATE_METHOD_MATCH = YES;
				"CODE_SIGN_IDENTITY[sdk=iphoneos*]" = "iPhone Developer";
				COPY_PHASE_STRIP = NO;
				DEBUG_INFORMATION_FORMAT = "dwarf-with-dsym";
				ENABLE_NS_ASSERTIONS = NO;
				ENABLE_STRICT_OBJC_MSGSEND = YES;
				GCC_C_LANGUAGE_STANDARD = gnu99;
				GCC_NO_COMMON_BLOCKS = YES;
				GCC_WARN_64_TO_32_BIT_CONVERSION = YES;
				GCC_WARN_ABOUT_RETURN_TYPE = YES_ERROR;
				GCC_WARN_UNDECLARED_SELECTOR = YES;
				GCC_WARN_UNINITIALIZED_AUTOS = YES_AGGRESSIVE;
				GCC_WARN_UNUSED_FUNCTION = YES;
				GCC_WARN_UNUSED_VARIABLE = YES;
				IPHONEOS_DEPLOYMENT_TARGET = 10.3;
				MTL_ENABLE_DEBUG_INFO = NO;
				SDKROOT = iphoneos;
				SWIFT_COMPILATION_MODE = wholemodule;
				SWIFT_OPTIMIZATION_LEVEL = "-O";
				TARGETED_DEVICE_FAMILY = "1,2";
				VALIDATE_PRODUCT = YES;
			};
			name = Release;
		};
		9A3AB2871F57699C00C822CF /* Debug */ = {
			isa = XCBuildConfiguration;
			buildSettings = {
				ASSETCATALOG_COMPILER_APPICON_NAME = AppIcon;
				CLANG_ENABLE_MODULES = YES;
				INFOPLIST_FILE = "Supporting Files/Info.plist";
				IPHONEOS_DEPLOYMENT_TARGET = 11.0;
				LD_RUNPATH_SEARCH_PATHS = (
					"$(inherited)",
					"@executable_path/Frameworks",
				);
				PRODUCT_BUNDLE_IDENTIFIER = com.thetrainline.Mailer;
				PRODUCT_NAME = "$(TARGET_NAME)";
				SWIFT_OPTIMIZATION_LEVEL = "-Onone";
				SWIFT_SWIFT3_OBJC_INFERENCE = Default;
				SWIFT_VERSION = 4.2;
			};
			name = Debug;
		};
		9A3AB2881F57699C00C822CF /* Release */ = {
			isa = XCBuildConfiguration;
			buildSettings = {
				ASSETCATALOG_COMPILER_APPICON_NAME = AppIcon;
				CLANG_ENABLE_MODULES = YES;
				INFOPLIST_FILE = "Supporting Files/Info.plist";
				IPHONEOS_DEPLOYMENT_TARGET = 11.0;
				LD_RUNPATH_SEARCH_PATHS = (
					"$(inherited)",
					"@executable_path/Frameworks",
				);
				PRODUCT_BUNDLE_IDENTIFIER = com.thetrainline.Mailer;
				PRODUCT_NAME = "$(TARGET_NAME)";
				SWIFT_SWIFT3_OBJC_INFERENCE = Default;
				SWIFT_VERSION = 4.2;
			};
			name = Release;
		};
/* End XCBuildConfiguration section */

/* Begin XCConfigurationList section */
		1B63278B241938D1001943B8 /* Build configuration list for PBXNativeTarget "MailerTests" */ = {
			isa = XCConfigurationList;
			buildConfigurations = (
				1B632789241938D1001943B8 /* Debug */,
				1B63278A241938D1001943B8 /* Release */,
			);
			defaultConfigurationIsVisible = 0;
			defaultConfigurationName = Release;
		};
		6753E3A92C31DB330068CAFE /* Build configuration list for PBXNativeTarget "MailerUITests" */ = {
			isa = XCConfigurationList;
			buildConfigurations = (
				6753E3AA2C31DB330068CAFE /* Debug */,
				6753E3AB2C31DB330068CAFE /* Release */,
			);
			defaultConfigurationIsVisible = 0;
			defaultConfigurationName = Release;
		};
		67F636552C31842B00592650 /* Build configuration list for PBXNativeTarget "MailerSnapshotTests" */ = {
			isa = XCConfigurationList;
			buildConfigurations = (
				67F636532C31842B00592650 /* Debug */,
				67F636542C31842B00592650 /* Release */,
			);
			defaultConfigurationIsVisible = 0;
			defaultConfigurationName = Release;
		};
		9A3AB26F1F57699C00C822CF /* Build configuration list for PBXProject "Mailer" */ = {
			isa = XCConfigurationList;
			buildConfigurations = (
				9A3AB2841F57699C00C822CF /* Debug */,
				9A3AB2851F57699C00C822CF /* Release */,
			);
			defaultConfigurationIsVisible = 0;
			defaultConfigurationName = Release;
		};
		9A3AB2861F57699C00C822CF /* Build configuration list for PBXNativeTarget "Mailer" */ = {
			isa = XCConfigurationList;
			buildConfigurations = (
				9A3AB2871F57699C00C822CF /* Debug */,
				9A3AB2881F57699C00C822CF /* Release */,
			);
			defaultConfigurationIsVisible = 0;
			defaultConfigurationName = Release;
		};
/* End XCConfigurationList section */

/* Begin XCRemoteSwiftPackageReference section */
		67F636562C31848900592650 /* XCRemoteSwiftPackageReference "swift-snapshot-testing" */ = {
			isa = XCRemoteSwiftPackageReference;
			repositoryURL = "https://github.com/pointfreeco/swift-snapshot-testing";
			requirement = {
				kind = upToNextMajorVersion;
				minimumVersion = 1.16.1;
			};
		};
/* End XCRemoteSwiftPackageReference section */

/* Begin XCSwiftPackageProductDependency section */
		67F636572C31848900592650 /* SnapshotTesting */ = {
			isa = XCSwiftPackageProductDependency;
			package = 67F636562C31848900592650 /* XCRemoteSwiftPackageReference "swift-snapshot-testing" */;
			productName = SnapshotTesting;
		};
/* End XCSwiftPackageProductDependency section */
	};
	rootObject = 9A3AB26C1F57699C00C822CF /* Project object */;
}
